
Microsoft Visual Studio Solution File, Format Version 12.00
Project("{FAE04EC0-301F-11D3-BF4B-00C04F79EFBC}") = "VStore.API", "VStore.API\VStore.API.csproj", "{C2A5A87E-918C-419F-A1F8-6B2AF893ABFA}"
EndProject
Project("{FAE04EC0-301F-11D3-BF4B-00C04F79EFBC}") = "VStore.Application", "VStore.Application\VStore.Application.csproj", "{345DFC5E-6D3A-46C1-9FAB-71D025841823}"
EndProject
Project("{FAE04EC0-301F-11D3-BF4B-00C04F79EFBC}") = "VStore.Domain", "VStore.Domain\VStore.Domain.csproj", "{B667C3BB-3E27-4318-A280-728E3B36B72E}"
EndProject
Project("{FAE04EC0-301F-11D3-BF4B-00C04F79EFBC}") = "VStore.Infrastructure", "VStore.Infrastructure\VStore.Infrastructure.csproj", "{61525D05-52FB-4AD7-9B92-E95AA7C16CBD}"
EndProject
Project("{FAE04EC0-301F-11D3-BF4B-00C04F79EFBC}") = "VStore.Persistence", "VStore.Persistence\VStore.Persistence.csproj", "{79065B19-0424-405C-9ECB-235F2EB8F285}"
EndProject
Global
	GlobalSection(SolutionConfigurationPlatforms) = preSolution
		Debug|Any CPU = Debug|Any CPU
		Release|Any CPU = Release|Any CPU
	EndGlobalSection
	GlobalSection(ProjectConfigurationPlatforms) = postSolution
		{C2A5A87E-918C-419F-A1F8-6B2AF893ABFA}.Debug|Any CPU.ActiveCfg = Debug|Any CPU
		{C2A5A87E-918C-419F-A1F8-6B2AF893ABFA}.Debug|Any CPU.Build.0 = Debug|Any CPU
		{C2A5A87E-918C-419F-A1F8-6B2AF893ABFA}.Release|Any CPU.ActiveCfg = Release|Any CPU
		{C2A5A87E-918C-419F-A1F8-6B2AF893ABFA}.Release|Any CPU.Build.0 = Release|Any CPU
		{345DFC5E-6D3A-46C1-9FAB-71D025841823}.Debug|Any CPU.ActiveCfg = Debug|Any CPU
		{345DFC5E-6D3A-46C1-9FAB-71D025841823}.Debug|Any CPU.Build.0 = Debug|Any CPU
		{345DFC5E-6D3A-46C1-9FAB-71D025841823}.Release|Any CPU.ActiveCfg = Release|Any CPU
		{345DFC5E-6D3A-46C1-9FAB-71D025841823}.Release|Any CPU.Build.0 = Release|Any CPU
		{B667C3BB-3E27-4318-A280-728E3B36B72E}.Debug|Any CPU.ActiveCfg = Debug|Any CPU
		{B667C3BB-3E27-4318-A280-728E3B36B72E}.Debug|Any CPU.Build.0 = Debug|Any CPU
		{B667C3BB-3E27-4318-A280-728E3B36B72E}.Release|Any CPU.ActiveCfg = Release|Any CPU
		{B667C3BB-3E27-4318-A280-728E3B36B72E}.Release|Any CPU.Build.0 = Release|Any CPU
		{61525D05-52FB-4AD7-9B92-E95AA7C16CBD}.Debug|Any CPU.ActiveCfg = Debug|Any CPU
		{61525D05-52FB-4AD7-9B92-E95AA7C16CBD}.Debug|Any CPU.Build.0 = Debug|Any CPU
		{61525D05-52FB-4AD7-9B92-E95AA7C16CBD}.Release|Any CPU.ActiveCfg = Release|Any CPU
		{61525D05-52FB-4AD7-9B92-E95AA7C16CBD}.Release|Any CPU.Build.0 = Release|Any CPU
		{79065B19-0424-405C-9ECB-235F2EB8F285}.Debug|Any CPU.ActiveCfg = Debug|Any CPU
		{79065B19-0424-405C-9ECB-235F2EB8F285}.Debug|Any CPU.Build.0 = Debug|Any CPU
		{79065B19-0424-405C-9ECB-235F2EB8F285}.Release|Any CPU.ActiveCfg = Release|Any CPU
		{79065B19-0424-405C-9ECB-235F2EB8F285}.Release|Any CPU.Build.0 = Release|Any CPU
	EndGlobalSection
EndGlobal
